// !$*UTF8*$!
{
	archiveVersion = 1;
	classes = {
	};
	objectVersion = 46;
	objects = {

/* Begin PBXBuildFile section */
		1855A6291C07184400557A27 /* tag introduction.gif in Resources */ = {isa = PBXBuildFile; fileRef = 1855A6281C07184400557A27 /* tag introduction.gif */; };
		187101BD1C06081A001A4AE7 /* main.m in Sources */ = {isa = PBXBuildFile; fileRef = 187101BC1C06081A001A4AE7 /* main.m */; };
		187101C01C06081A001A4AE7 /* AppDelegate.m in Sources */ = {isa = PBXBuildFile; fileRef = 187101BF1C06081A001A4AE7 /* AppDelegate.m */; };
		187101C31C06081A001A4AE7 /* ViewController.m in Sources */ = {isa = PBXBuildFile; fileRef = 187101C21C06081A001A4AE7 /* ViewController.m */; };
		187101C61C06081A001A4AE7 /* Main.storyboard in Resources */ = {isa = PBXBuildFile; fileRef = 187101C41C06081A001A4AE7 /* Main.storyboard */; };
		187101C91C06081A001A4AE7 /* JTagList.xcdatamodeld in Sources */ = {isa = PBXBuildFile; fileRef = 187101C71C06081A001A4AE7 /* JTagList.xcdatamodeld */; };
		187101CB1C06081A001A4AE7 /* Assets.xcassets in Resources */ = {isa = PBXBuildFile; fileRef = 187101CA1C06081A001A4AE7 /* Assets.xcassets */; };
		187101CE1C06081A001A4AE7 /* LaunchScreen.storyboard in Resources */ = {isa = PBXBuildFile; fileRef = 187101CC1C06081A001A4AE7 /* LaunchScreen.storyboard */; };
		187101D91C06081A001A4AE7 /* JTagListTests.m in Sources */ = {isa = PBXBuildFile; fileRef = 187101D81C06081A001A4AE7 /* JTagListTests.m */; };
		187101E41C06081A001A4AE7 /* JTagListUITests.m in Sources */ = {isa = PBXBuildFile; fileRef = 187101E31C06081A001A4AE7 /* JTagListUITests.m */; };
		187101F71C0608BE001A4AE7 /* JTagListView.m in Sources */ = {isa = PBXBuildFile; fileRef = 187101F61C0608BE001A4AE7 /* JTagListView.m */; };
/* End PBXBuildFile section */

/* Begin PBXContainerItemProxy section */
		187101D51C06081A001A4AE7 /* PBXContainerItemProxy */ = {
			isa = PBXContainerItemProxy;
			containerPortal = 187101B01C06081A001A4AE7 /* Project object */;
			proxyType = 1;
			remoteGlobalIDString = 187101B71C06081A001A4AE7;
			remoteInfo = JTagList;
		};
		187101E01C06081A001A4AE7 /* PBXContainerItemProxy */ = {
			isa = PBXContainerItemProxy;
			containerPortal = 187101B01C06081A001A4AE7 /* Project object */;
			proxyType = 1;
			remoteGlobalIDString = 187101B71C06081A001A4AE7;
			remoteInfo = JTagList;
		};
/* End PBXContainerItemProxy section */

/* Begin PBXFileReference section */
		1855A6281C07184400557A27 /* tag introduction.gif */ = {isa = PBXFileReference; lastKnownFileType = image.gif; path = "tag introduction.gif"; sourceTree = "<group>"; };
		187101B81C06081A001A4AE7 /* JTagList.app */ = {isa = PBXFileReference; explicitFileType = wrapper.application; includeInIndex = 0; path = JTagList.app; sourceTree = BUILT_PRODUCTS_DIR; };
		187101BC1C06081A001A4AE7 /* main.m */ = {isa = PBXFileReference; lastKnownFileType = sourcecode.c.objc; path = main.m; sourceTree = "<group>"; };
		187101BE1C06081A001A4AE7 /* AppDelegate.h */ = {isa = PBXFileReference; lastKnownFileType = sourcecode.c.h; path = AppDelegate.h; sourceTree = "<group>"; };
		187101BF1C06081A001A4AE7 /* AppDelegate.m */ = {isa = PBXFileReference; lastKnownFileType = sourcecode.c.objc; path = AppDelegate.m; sourceTree = "<group>"; };
		187101C11C06081A001A4AE7 /* ViewController.h */ = {isa = PBXFileReference; lastKnownFileType = sourcecode.c.h; path = ViewController.h; sourceTree = "<group>"; };
		187101C21C06081A001A4AE7 /* ViewController.m */ = {isa = PBXFileReference; lastKnownFileType = sourcecode.c.objc; path = ViewController.m; sourceTree = "<group>"; };
		187101C51C06081A001A4AE7 /* Base */ = {isa = PBXFileReference; lastKnownFileType = file.storyboard; name = Base; path = Base.lproj/Main.storyboard; sourceTree = "<group>"; };
		187101C81C06081A001A4AE7 /* JTagList.xcdatamodel */ = {isa = PBXFileReference; lastKnownFileType = wrapper.xcdatamodel; path = JTagList.xcdatamodel; sourceTree = "<group>"; };
		187101CA1C06081A001A4AE7 /* Assets.xcassets */ = {isa = PBXFileReference; lastKnownFileType = folder.assetcatalog; path = Assets.xcassets; sourceTree = "<group>"; };
		187101CD1C06081A001A4AE7 /* Base */ = {isa = PBXFileReference; lastKnownFileType = file.storyboard; name = Base; path = Base.lproj/LaunchScreen.storyboard; sourceTree = "<group>"; };
		187101CF1C06081A001A4AE7 /* Info.plist */ = {isa = PBXFileReference; lastKnownFileType = text.plist.xml; path = Info.plist; sourceTree = "<group>"; };
		187101D41C06081A001A4AE7 /* JTagListTests.xctest */ = {isa = PBXFileReference; explicitFileType = wrapper.cfbundle; includeInIndex = 0; path = JTagListTests.xctest; sourceTree = BUILT_PRODUCTS_DIR; };
		187101D81C06081A001A4AE7 /* JTagListTests.m */ = {isa = PBXFileReference; lastKnownFileType = sourcecode.c.objc; path = JTagListTests.m; sourceTree = "<group>"; };
		187101DA1C06081A001A4AE7 /* Info.plist */ = {isa = PBXFileReference; lastKnownFileType = text.plist.xml; path = Info.plist; sourceTree = "<group>"; };
		187101DF1C06081A001A4AE7 /* JTagListUITests.xctest */ = {isa = PBXFileReference; explicitFileType = wrapper.cfbundle; includeInIndex = 0; path = JTagListUITests.xctest; sourceTree = BUILT_PRODUCTS_DIR; };
		187101E31C06081A001A4AE7 /* JTagListUITests.m */ = {isa = PBXFileReference; lastKnownFileType = sourcecode.c.objc; path = JTagListUITests.m; sourceTree = "<group>"; };
		187101E51C06081A001A4AE7 /* Info.plist */ = {isa = PBXFileReference; lastKnownFileType = text.plist.xml; path = Info.plist; sourceTree = "<group>"; };
		187101F51C0608BE001A4AE7 /* JTagListView.h */ = {isa = PBXFileReference; fileEncoding = 4; lastKnownFileType = sourcecode.c.h; path = JTagListView.h; sourceTree = "<group>"; };
		187101F61C0608BE001A4AE7 /* JTagListView.m */ = {isa = PBXFileReference; fileEncoding = 4; lastKnownFileType = sourcecode.c.objc; path = JTagListView.m; sourceTree = "<group>"; };
/* End PBXFileReference section */

/* Begin PBXFrameworksBuildPhase section */
		187101B51C06081A001A4AE7 /* Frameworks */ = {
			isa = PBXFrameworksBuildPhase;
			buildActionMask = 2147483647;
			files = (
			);
			runOnlyForDeploymentPostprocessing = 0;
		};
		187101D11C06081A001A4AE7 /* Frameworks */ = {
			isa = PBXFrameworksBuildPhase;
			buildActionMask = 2147483647;
			files = (
			);
			runOnlyForDeploymentPostprocessing = 0;
		};
		187101DC1C06081A001A4AE7 /* Frameworks */ = {
			isa = PBXFrameworksBuildPhase;
			buildActionMask = 2147483647;
			files = (
			);
			runOnlyForDeploymentPostprocessing = 0;
		};
/* End PBXFrameworksBuildPhase section */

/* Begin PBXGroup section */
		187101AF1C06081A001A4AE7 = {
			isa = PBXGroup;
			children = (
				187101BA1C06081A001A4AE7 /* JTagList */,
				187101D71C06081A001A4AE7 /* JTagListTests */,
				187101E21C06081A001A4AE7 /* JTagListUITests */,
				187101B91C06081A001A4AE7 /* Products */,
			);
			sourceTree = "<group>";
		};
		187101B91C06081A001A4AE7 /* Products */ = {
			isa = PBXGroup;
			children = (
				187101B81C06081A001A4AE7 /* JTagList.app */,
				187101D41C06081A001A4AE7 /* JTagListTests.xctest */,
				187101DF1C06081A001A4AE7 /* JTagListUITests.xctest */,
			);
			name = Products;
			sourceTree = "<group>";
		};
		187101BA1C06081A001A4AE7 /* JTagList */ = {
			isa = PBXGroup;
			children = (
				18CCBC1C1C06B749008A136A /* gif */,
				187101F11C060884001A4AE7 /* tagview */,
				187101BE1C06081A001A4AE7 /* AppDelegate.h */,
				187101BF1C06081A001A4AE7 /* AppDelegate.m */,
				187101C11C06081A001A4AE7 /* ViewController.h */,
				187101C21C06081A001A4AE7 /* ViewController.m */,
				187101C41C06081A001A4AE7 /* Main.storyboard */,
				187101CA1C06081A001A4AE7 /* Assets.xcassets */,
				187101CC1C06081A001A4AE7 /* LaunchScreen.storyboard */,
				187101CF1C06081A001A4AE7 /* Info.plist */,
				187101C71C06081A001A4AE7 /* JTagList.xcdatamodeld */,
				187101BB1C06081A001A4AE7 /* Supporting Files */,
			);
			path = JTagList;
			sourceTree = "<group>";
		};
		187101BB1C06081A001A4AE7 /* Supporting Files */ = {
			isa = PBXGroup;
			children = (
				187101BC1C06081A001A4AE7 /* main.m */,
			);
			name = "Supporting Files";
			sourceTree = "<group>";
		};
		187101D71C06081A001A4AE7 /* JTagListTests */ = {
			isa = PBXGroup;
			children = (
				187101D81C06081A001A4AE7 /* JTagListTests.m */,
				187101DA1C06081A001A4AE7 /* Info.plist */,
			);
			path = JTagListTests;
			sourceTree = "<group>";
		};
		187101E21C06081A001A4AE7 /* JTagListUITests */ = {
			isa = PBXGroup;
			children = (
				187101E31C06081A001A4AE7 /* JTagListUITests.m */,
				187101E51C06081A001A4AE7 /* Info.plist */,
			);
			path = JTagListUITests;
			sourceTree = "<group>";
		};
		187101F11C060884001A4AE7 /* tagview */ = {
			isa = PBXGroup;
			children = (
				187101F51C0608BE001A4AE7 /* JTagListView.h */,
				187101F61C0608BE001A4AE7 /* JTagListView.m */,
			);
			name = tagview;
			sourceTree = "<group>";
		};
		18CCBC1C1C06B749008A136A /* gif */ = {
			isa = PBXGroup;
			children = (
				1855A6281C07184400557A27 /* tag introduction.gif */,
			);
			name = gif;
			sourceTree = "<group>";
		};
/* End PBXGroup section */

/* Begin PBXNativeTarget section */
		187101B71C06081A001A4AE7 /* JTagList */ = {
			isa = PBXNativeTarget;
			buildConfigurationList = 187101E81C06081A001A4AE7 /* Build configuration list for PBXNativeTarget "JTagList" */;
			buildPhases = (
				187101B41C06081A001A4AE7 /* Sources */,
				187101B51C06081A001A4AE7 /* Frameworks */,
				187101B61C06081A001A4AE7 /* Resources */,
			);
			buildRules = (
			);
			dependencies = (
			);
			name = JTagList;
			productName = JTagList;
			productReference = 187101B81C06081A001A4AE7 /* JTagList.app */;
			productType = "com.apple.product-type.application";
		};
		187101D31C06081A001A4AE7 /* JTagListTests */ = {
			isa = PBXNativeTarget;
			buildConfigurationList = 187101EB1C06081A001A4AE7 /* Build configuration list for PBXNativeTarget "JTagListTests" */;
			buildPhases = (
				187101D01C06081A001A4AE7 /* Sources */,
				187101D11C06081A001A4AE7 /* Frameworks */,
				187101D21C06081A001A4AE7 /* Resources */,
			);
			buildRules = (
			);
			dependencies = (
				187101D61C06081A001A4AE7 /* PBXTargetDependency */,
			);
			name = JTagListTests;
			productName = JTagListTests;
			productReference = 187101D41C06081A001A4AE7 /* JTagListTests.xctest */;
			productType = "com.apple.product-type.bundle.unit-test";
		};
		187101DE1C06081A001A4AE7 /* JTagListUITests */ = {
			isa = PBXNativeTarget;
			buildConfigurationList = 187101EE1C06081A001A4AE7 /* Build configuration list for PBXNativeTarget "JTagListUITests" */;
			buildPhases = (
				187101DB1C06081A001A4AE7 /* Sources */,
				187101DC1C06081A001A4AE7 /* Frameworks */,
				187101DD1C06081A001A4AE7 /* Resources */,
			);
			buildRules = (
			);
			dependencies = (
				187101E11C06081A001A4AE7 /* PBXTargetDependency */,
			);
			name = JTagListUITests;
			productName = JTagListUITests;
			productReference = 187101DF1C06081A001A4AE7 /* JTagListUITests.xctest */;
			productType = "com.apple.product-type.bundle.ui-testing";
		};
/* End PBXNativeTarget section */

/* Begin PBXProject section */
		187101B01C06081A001A4AE7 /* Project object */ = {
			isa = PBXProject;
			attributes = {
				LastUpgradeCheck = 0710;
				ORGANIZATIONNAME = jacky;
				TargetAttributes = {
					187101B71C06081A001A4AE7 = {
						CreatedOnToolsVersion = 7.1.1;
					};
					187101D31C06081A001A4AE7 = {
						CreatedOnToolsVersion = 7.1.1;
						TestTargetID = 187101B71C06081A001A4AE7;
					};
					187101DE1C06081A001A4AE7 = {
						CreatedOnToolsVersion = 7.1.1;
						TestTargetID = 187101B71C06081A001A4AE7;
					};
				};
			};
			buildConfigurationList = 187101B31C06081A001A4AE7 /* Build configuration list for PBXProject "JTagList" */;
			compatibilityVersion = "Xcode 3.2";
			developmentRegion = English;
			hasScannedForEncodings = 0;
			knownRegions = (
				en,
				Base,
			);
			mainGroup = 187101AF1C06081A001A4AE7;
			productRefGroup = 187101B91C06081A001A4AE7 /* Products */;
			projectDirPath = "";
			projectRoot = "";
			targets = (
				187101B71C06081A001A4AE7 /* JTagList */,
				187101D31C06081A001A4AE7 /* JTagListTests */,
				187101DE1C06081A001A4AE7 /* JTagListUITests */,
			);
		};
/* End PBXProject section */

/* Begin PBXResourcesBuildPhase section */
		187101B61C06081A001A4AE7 /* Resources */ = {
			isa = PBXResourcesBuildPhase;
			buildActionMask = 2147483647;
			files = (
				187101CE1C06081A001A4AE7 /* LaunchScreen.storyboard in Resources */,
				187101CB1C06081A001A4AE7 /* Assets.xcassets in Resources */,
				1855A6291C07184400557A27 /* tag introduction.gif in Resources */,
				187101C61C06081A001A4AE7 /* Main.storyboard in Resources */,
			);
			runOnlyForDeploymentPostprocessing = 0;
		};
		187101D21C06081A001A4AE7 /* Resources */ = {
			isa = PBXResourcesBuildPhase;
			buildActionMask = 2147483647;
			files = (
			);
			runOnlyForDeploymentPostprocessing = 0;
		};
		187101DD1C06081A001A4AE7 /* Resources */ = {
			isa = PBXResourcesBuildPhase;
			buildActionMask = 2147483647;
			files = (
			);
			runOnlyForDeploymentPostprocessing = 0;
		};
/* End PBXResourcesBuildPhase section */

/* Begin PBXSourcesBuildPhase section */
		187101B41C06081A001A4AE7 /* Sources */ = {
			isa = PBXSourcesBuildPhase;
			buildActionMask = 2147483647;
			files = (
				187101C31C06081A001A4AE7 /* ViewController.m in Sources */,
				187101C01C06081A001A4AE7 /* AppDelegate.m in Sources */,
				187101BD1C06081A001A4AE7 /* main.m in Sources */,
				187101F71C0608BE001A4AE7 /* JTagListView.m in Sources */,
				187101C91C06081A001A4AE7 /* JTagList.xcdatamodeld in Sources */,
			);
			runOnlyForDeploymentPostprocessing = 0;
		};
		187101D01C06081A001A4AE7 /* Sources */ = {
			isa = PBXSourcesBuildPhase;
			buildActionMask = 2147483647;
			files = (
				187101D91C06081A001A4AE7 /* JTagListTests.m in Sources */,
			);
			runOnlyForDeploymentPostprocessing = 0;
		};
		187101DB1C06081A001A4AE7 /* Sources */ = {
			isa = PBXSourcesBuildPhase;
			buildActionMask = 2147483647;
			files = (
				187101E41C06081A001A4AE7 /* JTagListUITests.m in Sources */,
			);
			runOnlyForDeploymentPostprocessing = 0;
		};
/* End PBXSourcesBuildPhase section */

/* Begin PBXTargetDependency section */
		187101D61C06081A001A4AE7 /* PBXTargetDependency */ = {
			isa = PBXTargetDependency;
			target = 187101B71C06081A001A4AE7 /* JTagList */;
			targetProxy = 187101D51C06081A001A4AE7 /* PBXContainerItemProxy */;
		};
		187101E11C06081A001A4AE7 /* PBXTargetDependency */ = {
			isa = PBXTargetDependency;
			target = 187101B71C06081A001A4AE7 /* JTagList */;
			targetProxy = 187101E01C06081A001A4AE7 /* PBXContainerItemProxy */;
		};
/* End PBXTargetDependency section */

/* Begin PBXVariantGroup section */
		187101C41C06081A001A4AE7 /* Main.storyboard */ = {
			isa = PBXVariantGroup;
			children = (
				187101C51C06081A001A4AE7 /* Base */,
			);
			name = Main.storyboard;
			sourceTree = "<group>";
		};
		187101CC1C06081A001A4AE7 /* LaunchScreen.storyboard */ = {
			isa = PBXVariantGroup;
			children = (
				187101CD1C06081A001A4AE7 /* Base */,
			);
			name = LaunchScreen.storyboard;
			sourceTree = "<group>";
		};
/* End PBXVariantGroup section */

/* Begin XCBuildConfiguration section */
		187101E61C06081A001A4AE7 /* Debug */ = {
			isa = XCBuildConfiguration;
			buildSettings = {
				ALWAYS_SEARCH_USER_PATHS = NO;
				CLANG_CXX_LANGUAGE_STANDARD = "gnu++0x";
				CLANG_CXX_LIBRARY = "libc++";
				CLANG_ENABLE_MODULES = YES;
				CLANG_ENABLE_OBJC_ARC = YES;
				CLANG_WARN_BOOL_CONVERSION = YES;
				CLANG_WARN_CONSTANT_CONVERSION = YES;
				CLANG_WARN_DIRECT_OBJC_ISA_USAGE = YES_ERROR;
				CLANG_WARN_EMPTY_BODY = YES;
				CLANG_WARN_ENUM_CONVERSION = YES;
				CLANG_WARN_INT_CONVERSION = YES;
				CLANG_WARN_OBJC_ROOT_CLASS = YES_ERROR;
				CLANG_WARN_UNREACHABLE_CODE = YES;
				CLANG_WARN__DUPLICATE_METHOD_MATCH = YES;
				"CODE_SIGN_IDENTITY[sdk=iphoneos*]" = "iPhone Developer";
				COPY_PHASE_STRIP = NO;
				DEBUG_INFORMATION_FORMAT = dwarf;
				ENABLE_STRICT_OBJC_MSGSEND = YES;
				ENABLE_TESTABILITY = YES;
				GCC_C_LANGUAGE_STANDARD = gnu99;
				GCC_DYNAMIC_NO_PIC = NO;
				GCC_NO_COMMON_BLOCKS = YES;
				GCC_OPTIMIZATION_LEVEL = 0;
				GCC_PREPROCESSOR_DEFINITIONS = (
					"DEBUG=1",
					"$(inherited)",
				);
				GCC_WARN_64_TO_32_BIT_CONVERSION = YES;
				GCC_WARN_ABOUT_RETURN_TYPE = YES_ERROR;
				GCC_WARN_UNDECLARED_SELECTOR = YES;
				GCC_WARN_UNINITIALIZED_AUTOS = YES_AGGRESSIVE;
				GCC_WARN_UNUSED_FUNCTION = YES;
				GCC_WARN_UNUSED_VARIABLE = YES;
				IPHONEOS_DEPLOYMENT_TARGET = 9.1;
				MTL_ENABLE_DEBUG_INFO = YES;
				ONLY_ACTIVE_ARCH = YES;
				SDKROOT = iphoneos;
			};
			name = Debug;
		};
		187101E71C06081A001A4AE7 /* Release */ = {
			isa = XCBuildConfiguration;
			buildSettings = {
				ALWAYS_SEARCH_USER_PATHS = NO;
				CLANG_CXX_LANGUAGE_STANDARD = "gnu++0x";
				CLANG_CXX_LIBRARY = "libc++";
				CLANG_ENABLE_MODULES = YES;
				CLANG_ENABLE_OBJC_ARC = YES;
				CLANG_WARN_BOOL_CONVERSION = YES;
				CLANG_WARN_CONSTANT_CONVERSION = YES;
				CLANG_WARN_DIRECT_OBJC_ISA_USAGE = YES_ERROR;
				CLANG_WARN_EMPTY_BODY = YES;
				CLANG_WARN_ENUM_CONVERSION = YES;
				CLANG_WARN_INT_CONVERSION = YES;
				CLANG_WARN_OBJC_ROOT_CLASS = YES_ERROR;
				CLANG_WARN_UNREACHABLE_CODE = YES;
				CLANG_WARN__DUPLICATE_METHOD_MATCH = YES;
				"CODE_SIGN_IDENTITY[sdk=iphoneos*]" = "iPhone Developer";
				COPY_PHASE_STRIP = NO;
				DEBUG_INFORMATION_FORMAT = "dwarf-with-dsym";
				ENABLE_NS_ASSERTIONS = NO;
				ENABLE_STRICT_OBJC_MSGSEND = YES;
				GCC_C_LANGUAGE_STANDARD = gnu99;
				GCC_NO_COMMON_BLOCKS = YES;
				GCC_WARN_64_TO_32_BIT_CONVERSION = YES;
				GCC_WARN_ABOUT_RETURN_TYPE = YES_ERROR;
				GCC_WARN_UNDECLARED_SELECTOR = YES;
				GCC_WARN_UNINITIALIZED_AUTOS = YES_AGGRESSIVE;
				GCC_WARN_UNUSED_FUNCTION = YES;
				GCC_WARN_UNUSED_VARIABLE = YES;
				IPHONEOS_DEPLOYMENT_TARGET = 9.1;
				MTL_ENABLE_DEBUG_INFO = NO;
				SDKROOT = iphoneos;
				VALIDATE_PRODUCT = YES;
			};
			name = Release;
		};
		187101E91C06081A001A4AE7 /* Debug */ = {
			isa = XCBuildConfiguration;
			buildSettings = {
				ASSETCATALOG_COMPILER_APPICON_NAME = AppIcon;
				INFOPLIST_FILE = JTagList/Info.plist;
				LD_RUNPATH_SEARCH_PATHS = "$(inherited) @executable_path/Frameworks";
				PRODUCT_BUNDLE_IDENTIFIER = com.looven.JTagList;
				PRODUCT_NAME = "$(TARGET_NAME)";
			};
			name = Debug;
		};
		187101EA1C06081A001A4AE7 /* Release */ = {
			isa = XCBuildConfiguration;
			buildSettings = {
				ASSETCATALOG_COMPILER_APPICON_NAME = AppIcon;
				INFOPLIST_FILE = JTagList/Info.plist;
				LD_RUNPATH_SEARCH_PATHS = "$(inherited) @executable_path/Frameworks";
				PRODUCT_BUNDLE_IDENTIFIER = com.looven.JTagList;
				PRODUCT_NAME = "$(TARGET_NAME)";
			};
			name = Release;
		};
		187101EC1C06081A001A4AE7 /* Debug */ = {
			isa = XCBuildConfiguration;
			buildSettings = {
				BUNDLE_LOADER = "$(TEST_HOST)";
				INFOPLIST_FILE = JTagListTests/Info.plist;
				LD_RUNPATH_SEARCH_PATHS = "$(inherited) @executable_path/Frameworks @loader_path/Frameworks";
				PRODUCT_BUNDLE_IDENTIFIER = com.looven.JTagListTests;
				PRODUCT_NAME = "$(TARGET_NAME)";
				TEST_HOST = "$(BUILT_PRODUCTS_DIR)/JTagList.app/JTagList";
			};
			name = Debug;
		};
		187101ED1C06081A001A4AE7 /* Release */ = {
			isa = XCBuildConfiguration;
			buildSettings = {
				BUNDLE_LOADER = "$(TEST_HOST)";
				INFOPLIST_FILE = JTagListTests/Info.plist;
				LD_RUNPATH_SEARCH_PATHS = "$(inherited) @executable_path/Frameworks @loader_path/Frameworks";
				PRODUCT_BUNDLE_IDENTIFIER = com.looven.JTagListTests;
				PRODUCT_NAME = "$(TARGET_NAME)";
				TEST_HOST = "$(BUILT_PRODUCTS_DIR)/JTagList.app/JTagList";
			};
			name = Release;
		};
		187101EF1C06081A001A4AE7 /* Debug */ = {
			isa = XCBuildConfiguration;
			buildSettings = {
				INFOPLIST_FILE = JTagListUITests/Info.plist;
				LD_RUNPATH_SEARCH_PATHS = "$(inherited) @executable_path/Frameworks @loader_path/Frameworks";
				PRODUCT_BUNDLE_IDENTIFIER = com.looven.JTagListUITests;
				PRODUCT_NAME = "$(TARGET_NAME)";
				TEST_TARGET_NAME = JTagList;
				USES_XCTRUNNER = YES;
			};
			name = Debug;
		};
		187101F01C06081A001A4AE7 /* Release */ = {
			isa = XCBuildConfiguration;
			buildSettings = {
				INFOPLIST_FILE = JTagListUITests/Info.plist;
				LD_RUNPATH_SEARCH_PATHS = "$(inherited) @executable_path/Frameworks @loader_path/Frameworks";
				PRODUCT_BUNDLE_IDENTIFIER = com.looven.JTagListUITests;
				PRODUCT_NAME = "$(TARGET_NAME)";
				TEST_TARGET_NAME = JTagList;
				USES_XCTRUNNER = YES;
			};
			name = Release;
		};
/* End XCBuildConfiguration section */

/* Begin XCConfigurationList section */
		187101B31C06081A001A4AE7 /* Build configuration list for PBXProject "JTagList" */ = {
			isa = XCConfigurationList;
			buildConfigurations = (
				187101E61C06081A001A4AE7 /* Debug */,
				187101E71C06081A001A4AE7 /* Release */,
			);
			defaultConfigurationIsVisible = 0;
			defaultConfigurationName = Release;
		};
		187101E81C06081A001A4AE7 /* Build configuration list for PBXNativeTarget "JTagList" */ = {
			isa = XCConfigurationList;
			buildConfigurations = (
				187101E91C06081A001A4AE7 /* Debug */,
				187101EA1C06081A001A4AE7 /* Release */,
			);
			defaultConfigurationIsVisible = 0;
			defaultConfigurationName = Release;
		};
		187101EB1C06081A001A4AE7 /* Build configuration list for PBXNativeTarget "JTagListTests" */ = {
			isa = XCConfigurationList;
			buildConfigurations = (
				187101EC1C06081A001A4AE7 /* Debug */,
				187101ED1C06081A001A4AE7 /* Release */,
			);
			defaultConfigurationIsVisible = 0;
			defaultConfigurationName = Release;
		};
		187101EE1C06081A001A4AE7 /* Build configuration list for PBXNativeTarget "JTagListUITests" */ = {
			isa = XCConfigurationList;
			buildConfigurations = (
				187101EF1C06081A001A4AE7 /* Debug */,
				187101F01C06081A001A4AE7 /* Release */,
			);
			defaultConfigurationIsVisible = 0;
			defaultConfigurationName = Release;
		};
/* End XCConfigurationList section */

/* Begin XCVersionGroup section */
		187101C71C06081A001A4AE7 /* JTagList.xcdatamodeld */ = {
			isa = XCVersionGroup;
			children = (
				187101C81C06081A001A4AE7 /* JTagList.xcdatamodel */,
			);
			currentVersion = 187101C81C06081A001A4AE7 /* JTagList.xcdatamodel */;
			path = JTagList.xcdatamodeld;
			sourceTree = "<group>";
			versionGroupType = wrapper.xcdatamodel;
		};
/* End XCVersionGroup section */
	};
	rootObject = 187101B01C06081A001A4AE7 /* Project object */;
}
